// !$*UTF8*$!
{
	archiveVersion = 1;
	classes = {
	};
	objectVersion = 46;
	objects = {

/* Begin PBXBuildFile section */
		60527DB31E9B6981004A6206 /* AppDelegate.swift in Sources */ = {isa = PBXBuildFile; fileRef = 60527DB21E9B6981004A6206 /* AppDelegate.swift */; };
		60527DB51E9B6981004A6206 /* ViewController.swift in Sources */ = {isa = PBXBuildFile; fileRef = 60527DB41E9B6981004A6206 /* ViewController.swift */; };
		60527DB81E9B6981004A6206 /* Main.storyboard in Resources */ = {isa = PBXBuildFile; fileRef = 60527DB61E9B6981004A6206 /* Main.storyboard */; };
		60527DBA1E9B6981004A6206 /* Assets.xcassets in Resources */ = {isa = PBXBuildFile; fileRef = 60527DB91E9B6981004A6206 /* Assets.xcassets */; };
		60527DBD1E9B6981004A6206 /* LaunchScreen.storyboard in Resources */ = {isa = PBXBuildFile; fileRef = 60527DBB1E9B6981004A6206 /* LaunchScreen.storyboard */; };
/* End PBXBuildFile section */

/* Begin PBXFileReference section */
		60527DAF1E9B6981004A6206 /* YZPlayer.app */ = {isa = PBXFileReference; explicitFileType = wrapper.application; includeInIndex = 0; path = YZPlayer.app; sourceTree = BUILT_PRODUCTS_DIR; };
		60527DB21E9B6981004A6206 /* AppDelegate.swift */ = {isa = PBXFileReference; lastKnownFileType = sourcecode.swift; path = AppDelegate.swift; sourceTree = "<group>"; };
		60527DB41E9B6981004A6206 /* ViewController.swift */ = {isa = PBXFileReference; lastKnownFileType = sourcecode.swift; path = ViewController.swift; sourceTree = "<group>"; };
		60527DB71E9B6981004A6206 /* Base */ = {isa = PBXFileReference; lastKnownFileType = file.storyboard; name = Base; path = Base.lproj/Main.storyboard; sourceTree = "<group>"; };
		60527DB91E9B6981004A6206 /* Assets.xcassets */ = {isa = PBXFileReference; lastKnownFileType = folder.assetcatalog; path = Assets.xcassets; sourceTree = "<group>"; };
		60527DBC1E9B6981004A6206 /* Base */ = {isa = PBXFileReference; lastKnownFileType = file.storyboard; name = Base; path = Base.lproj/LaunchScreen.storyboard; sourceTree = "<group>"; };
		60527DBE1E9B6981004A6206 /* Info.plist */ = {isa = PBXFileReference; lastKnownFileType = text.plist.xml; path = Info.plist; sourceTree = "<group>"; };
/* End PBXFileReference section */

/* Begin PBXFrameworksBuildPhase section */
		60527DAC1E9B6981004A6206 /* Frameworks */ = {
			isa = PBXFrameworksBuildPhase;
			buildActionMask = 2147483647;
			files = (
			);
			runOnlyForDeploymentPostprocessing = 0;
		};
/* End PBXFrameworksBuildPhase section */

/* Begin PBXGroup section */
		60527DA61E9B6981004A6206 = {
			isa = PBXGroup;
			children = (
				60527DB11E9B6981004A6206 /* YZPlayer */,
				60527DB01E9B6981004A6206 /* Products */,
			);
			sourceTree = "<group>";
		};
		60527DB01E9B6981004A6206 /* Products */ = {
			isa = PBXGroup;
			children = (
				60527DAF1E9B6981004A6206 /* YZPlayer.app */,
			);
			name = Products;
			sourceTree = "<group>";
		};
		60527DB11E9B6981004A6206 /* YZPlayer */ = {
			isa = PBXGroup;
			children = (
				60527DB21E9B6981004A6206 /* AppDelegate.swift */,
				60527DB41E9B6981004A6206 /* ViewController.swift */,
				60527DB61E9B6981004A6206 /* Main.storyboard */,
				60527DB91E9B6981004A6206 /* Assets.xcassets */,
				60527DBB1E9B6981004A6206 /* LaunchScreen.storyboard */,
				60527DBE1E9B6981004A6206 /* Info.plist */,
			);
			path = YZPlayer;
			sourceTree = "<group>";
		};
/* End PBXGroup section */

/* Begin PBXNativeTarget section */
		60527DAE1E9B6981004A6206 /* YZPlayer */ = {
			isa = PBXNativeTarget;
			buildConfigurationList = 60527DC11E9B6981004A6206 /* Build configuration list for PBXNativeTarget "YZPlayer" */;
			buildPhases = (
				60527DAB1E9B6981004A6206 /* Sources */,
				60527DAC1E9B6981004A6206 /* Frameworks */,
				60527DAD1E9B6981004A6206 /* Resources */,
			);
			buildRules = (
			);
			dependencies = (
			);
			name = YZPlayer;
			productName = YZPlayer;
			productReference = 60527DAF1E9B6981004A6206 /* YZPlayer.app */;
			productType = "com.apple.product-type.application";
		};
/* End PBXNativeTarget section */

/* Begin PBXProject section */
		60527DA71E9B6981004A6206 /* Project object */ = {
			isa = PBXProject;
			attributes = {
				LastSwiftUpdateCheck = 0820;
				LastUpgradeCheck = 0820;
				ORGANIZATIONNAME = heyuze;
				TargetAttributes = {
					60527DAE1E9B6981004A6206 = {
						CreatedOnToolsVersion = 8.2.1;
						ProvisioningStyle = Automatic;
					};
				};
			};
			buildConfigurationList = 60527DAA1E9B6981004A6206 /* Build configuration list for PBXProject "YZPlayer" */;
			compatibilityVersion = "Xcode 3.2";
			developmentRegion = English;
			hasScannedForEncodings = 0;
			knownRegions = (
				en,
				Base,
			);
			mainGroup = 60527DA61E9B6981004A6206;
			productRefGroup = 60527DB01E9B6981004A6206 /* Products */;
			projectDirPath = "";
			projectRoot = "";
			targets = (
				60527DAE1E9B6981004A6206 /* YZPlayer */,
			);
		};
/* End PBXProject section */

/* Begin PBXResourcesBuildPhase section */
		60527DAD1E9B6981004A6206 /* Resources */ = {
			isa = PBXResourcesBuildPhase;
			buildActionMask = 2147483647;
			files = (
				60527DBD1E9B6981004A6206 /* LaunchScreen.storyboard in Resources */,
				60527DBA1E9B6981004A6206 /* Assets.xcassets in Resources */,
				60527DB81E9B6981004A6206 /* Main.storyboard in Resources */,
			);
			runOnlyForDeploymentPostprocessing = 0;
		};
/* End PBXResourcesBuildPhase section */

/* Begin PBXSourcesBuildPhase section */
		60527DAB1E9B6981004A6206 /* Sources */ = {
			isa = PBXSourcesBuildPhase;
			buildActionMask = 2147483647;
			files = (
				60527DB51E9B6981004A6206 /* ViewController.swift in Sources */,
				60527DB31E9B6981004A6206 /* AppDelegate.swift in Sources */,
			);
			runOnlyForDeploymentPostprocessing = 0;
		};
/* End PBXSourcesBuildPhase section */

/* Begin PBXVariantGroup section */
		60527DB61E9B6981004A6206 /* Main.storyboard */ = {
			isa = PBXVariantGroup;
			children = (
				60527DB71E9B6981004A6206 /* Base */,
			);
			name = Main.storyboard;
			sourceTree = "<group>";
		};
		60527DBB1E9B6981004A6206 /* LaunchScreen.storyboard */ = {
			isa = PBXVariantGroup;
			children = (
				60527DBC1E9B6981004A6206 /* Base */,
			);
			name = LaunchScreen.storyboard;
			sourceTree = "<group>";
		};
/* End PBXVariantGroup section */

/* Begin XCBuildConfiguration section */
		60527DBF1E9B6981004A6206 /* Debug */ = {
			isa = XCBuildConfiguration;
			buildSettings = {
				ALWAYS_SEARCH_USER_PATHS = NO;
				CLANG_ANALYZER_NONNULL = YES;
				CLANG_CXX_LANGUAGE_STANDARD = "gnu++0x";
				CLANG_CXX_LIBRARY = "libc++";
				CLANG_ENABLE_MODULES = YES;
				CLANG_ENABLE_OBJC_ARC = YES;
				CLANG_WARN_BOOL_CONVERSION = YES;
				CLANG_WARN_CONSTANT_CONVERSION = YES;
				CLANG_WARN_DIRECT_OBJC_ISA_USAGE = YES_ERROR;
				CLANG_WARN_DOCUMENTATION_COMMENTS = YES;
				CLANG_WARN_EMPTY_BODY = YES;
				CLANG_WARN_ENUM_CONVERSION = YES;
				CLANG_WARN_INFINITE_RECURSION = YES;
				CLANG_WARN_INT_CONVERSION = YES;
				CLANG_WARN_OBJC_ROOT_CLASS = YES_ERROR;
				CLANG_WARN_SUSPICIOUS_MOVE = YES;
				CLANG_WARN_UNREACHABLE_CODE = YES;
				CLANG_WARN__DUPLICATE_METHOD_MATCH = YES;
				"CODE_SIGN_IDENTITY[sdk=iphoneos*]" = "iPhone Developer";
				COPY_PHASE_STRIP = NO;
				DEBUG_INFORMATION_FORMAT = dwarf;
				ENABLE_STRICT_OBJC_MSGSEND = YES;
				ENABLE_TESTABILITY = YES;
				GCC_C_LANGUAGE_STANDARD = gnu99;
				GCC_DYNAMIC_NO_PIC = NO;
				GCC_NO_COMMON_BLOCKS = YES;
				GCC_OPTIMIZATION_LEVEL = 0;
				GCC_PREPROCESSOR_DEFINITIONS = (
					"DEBUG=1",
					"$(inherited)",
				);
				GCC_WARN_64_TO_32_BIT_CONVERSION = YES;
				GCC_WARN_ABOUT_RETURN_TYPE = YES_ERROR;
				GCC_WARN_UNDECLARED_SELECTOR = YES;
				GCC_WARN_UNINITIALIZED_AUTOS = YES_AGGRESSIVE;
				GCC_WARN_UNUSED_FUNCTION = YES;
				GCC_WARN_UNUSED_VARIABLE = YES;
				IPHONEOS_DEPLOYMENT_TARGET = 10.2;
				MTL_ENABLE_DEBUG_INFO = YES;
				ONLY_ACTIVE_ARCH = YES;
				SDKROOT = iphoneos;
				SWIFT_ACTIVE_COMPILATION_CONDITIONS = DEBUG;
				SWIFT_OPTIMIZATION_LEVEL = "-Onone";
			};
			name = Debug;
		};
		60527DC01E9B6981004A6206 /* Release */ = {
			isa = XCBuildConfiguration;
			buildSettings = {
				ALWAYS_SEARCH_USER_PATHS = NO;
				CLANG_ANALYZER_NONNULL = YES;
				CLANG_CXX_LANGUAGE_STANDARD = "gnu++0x";
				CLANG_CXX_LIBRARY = "libc++";
				CLANG_ENABLE_MODULES = YES;
				CLANG_ENABLE_OBJC_ARC = YES;
				CLANG_WARN_BOOL_CONVERSION = YES;
				CLANG_WARN_CONSTANT_CONVERSION = YES;
				CLANG_WARN_DIRECT_OBJC_ISA_USAGE = YES_ERROR;
				CLANG_WARN_DOCUMENTATION_COMMENTS = YES;
				CLANG_WARN_EMPTY_BODY = YES;
				CLANG_WARN_ENUM_CONVERSION = YES;
				CLANG_WARN_INFINITE_RECURSION = YES;
				CLANG_WARN_INT_CONVERSION = YES;
				CLANG_WARN_OBJC_ROOT_CLASS = YES_ERROR;
				CLANG_WARN_SUSPICIOUS_MOVE = YES;
				CLANG_WARN_UNREACHABLE_CODE = YES;
				CLANG_WARN__DUPLICATE_METHOD_MATCH = YES;
				"CODE_SIGN_IDENTITY[sdk=iphoneos*]" = "iPhone Developer";
				COPY_PHASE_STRIP = NO;
				DEBUG_INFORMATION_FORMAT = "dwarf-with-dsym";
				ENABLE_NS_ASSERTIONS = NO;
				ENABLE_STRICT_OBJC_MSGSEND = YES;
				GCC_C_LANGUAGE_STANDARD = gnu99;
				GCC_NO_COMMON_BLOCKS = YES;
				GCC_WARN_64_TO_32_BIT_CONVERSION = YES;
				GCC_WARN_ABOUT_RETURN_TYPE = YES_ERROR;
				GCC_WARN_UNDECLARED_SELECTOR = YES;
				GCC_WARN_UNINITIALIZED_AUTOS = YES_AGGRESSIVE;
				GCC_WARN_UNUSED_FUNCTION = YES;
				GCC_WARN_UNUSED_VARIABLE = YES;
				IPHONEOS_DEPLOYMENT_TARGET = 10.2;
				MTL_ENABLE_DEBUG_INFO = NO;
				SDKROOT = iphoneos;
				SWIFT_OPTIMIZATION_LEVEL = "-Owholemodule";
				VALIDATE_PRODUCT = YES;
			};
			name = Release;
		};
		60527DC21E9B6981004A6206 /* Debug */ = {
			isa = XCBuildConfiguration;
			buildSettings = {
				ASSETCATALOG_COMPILER_APPICON_NAME = AppIcon;
				INFOPLIST_FILE = YZPlayer/Info.plist;
				LD_RUNPATH_SEARCH_PATHS = "$(inherited) @executable_path/Frameworks";
				PRODUCT_BUNDLE_IDENTIFIER = com.heyuze.iOS.YZPlayer;
				PRODUCT_NAME = "$(TARGET_NAME)";
				SWIFT_VERSION = 3.0;
			};
			name = Debug;
		};
		60527DC31E9B6981004A6206 /* Release */ = {
			isa = XCBuildConfiguration;
			buildSettings = {
				ASSETCATALOG_COMPILER_APPICON_NAME = AppIcon;
				INFOPLIST_FILE = YZPlayer/Info.plist;
				LD_RUNPATH_SEARCH_PATHS = "$(inherited) @executable_path/Frameworks";
				PRODUCT_BUNDLE_IDENTIFIER = com.heyuze.iOS.YZPlayer;
				PRODUCT_NAME = "$(TARGET_NAME)";
				SWIFT_VERSION = 3.0;
			};
			name = Release;
		};
/* End XCBuildConfiguration section */

/* Begin XCConfigurationList section */
		60527DAA1E9B6981004A6206 /* Build configuration list for PBXProject "YZPlayer" */ = {
			isa = XCConfigurationList;
			buildConfigurations = (
				60527DBF1E9B6981004A6206 /* Debug */,
				60527DC01E9B6981004A6206 /* Release */,
			);
			defaultConfigurationIsVisible = 0;
			defaultConfigurationName = Release;
		};
		60527DC11E9B6981004A6206 /* Build configuration list for PBXNativeTarget "YZPlayer" */ = {
			isa = XCConfigurationList;
			buildConfigurations = (
				60527DC21E9B6981004A6206 /* Debug */,
				60527DC31E9B6981004A6206 /* Release */,
			);
			defaultConfigurationIsVisible = 0;
		};
/* End XCConfigurationList section */
	};
	rootObject = 60527DA71E9B6981004A6206 /* Project object */;
}
